
Microsoft Visual Studio Solution File, Format Version 12.00
# Visual Studio Version 16
VisualStudioVersion = 16.0.29613.14
MinimumVisualStudioVersion = 10.0.40219.1
Project("{9A19103F-16F7-4668-BE54-9A1E7A4F7556}") = "Vector", "Vector\Vector.csproj", "{365FD04C-5294-497D-9361-78BF1EC9A836}"
EndProject
Project("{9A19103F-16F7-4668-BE54-9A1E7A4F7556}") = "Vector.Communication", "Vector.Communication\Vector.Communication.csproj", "{62A53DF1-4336-46D9-9174-2877CAF69604}"
EndProject
Project("{FAE04EC0-301F-11D3-BF4B-00C04F79EFBC}") = "Vector.Explorer.Android", "Vector.Explorer\Vector.Explorer.Android\Vector.Explorer.Android.csproj", "{317CACFE-4143-4956-8C8E-E4636AB463A7}"
EndProject
Project("{FAE04EC0-301F-11D3-BF4B-00C04F79EFBC}") = "Vector.Explorer.iOS", "Vector.Explorer\Vector.Explorer.iOS\Vector.Explorer.iOS.csproj", "{0BB927BE-7B86-49E1-BFB3-F9AE30891D87}"
EndProject
Project("{FAE04EC0-301F-11D3-BF4B-00C04F79EFBC}") = "Vector.Explorer.UWP", "Vector.Explorer\Vector.Explorer.UWP\Vector.Explorer.UWP.csproj", "{C00F69A1-5DAE-4D1B-9986-E47B047EDF8C}"
EndProject
Project("{9A19103F-16F7-4668-BE54-9A1E7A4F7556}") = "Vector.Explorer", "Vector.Explorer\Vector.Explorer\Vector.Explorer.csproj", "{AD386867-3A11-48D0-84F9-7011F20D3936}"
EndProject
Project("{9A19103F-16F7-4668-BE54-9A1E7A4F7556}") = "Vector.Explorer.ViewModel", "Vector.Explorer.ViewModel\Vector.Explorer.ViewModel.csproj", "{5828A22E-FB60-4070-AD1B-5C580472761B}"
EndProject
Project("{2150E333-8FDC-42A3-9474-1A3956D46DE8}") = "Tests", "Tests", "{FBFE04E9-A4C4-40AD-B124-BBFD66351C9E}"
EndProject
Project("{FAE04EC0-301F-11D3-BF4B-00C04F79EFBC}") = "Vector.Tests", "Vector.Tests\Vector.Tests.csproj", "{B9EB4A58-68C6-49EE-B47A-B14C269BAF42}"
EndProject
Global
	GlobalSection(SolutionConfigurationPlatforms) = preSolution
		Ad-Hoc|Any CPU = Ad-Hoc|Any CPU
		Ad-Hoc|ARM = Ad-Hoc|ARM
		Ad-Hoc|iPhone = Ad-Hoc|iPhone
		Ad-Hoc|iPhoneSimulator = Ad-Hoc|iPhoneSimulator
		Ad-Hoc|x64 = Ad-Hoc|x64
		Ad-Hoc|x86 = Ad-Hoc|x86
		AppStore|Any CPU = AppStore|Any CPU
		AppStore|ARM = AppStore|ARM
		AppStore|iPhone = AppStore|iPhone
		AppStore|iPhoneSimulator = AppStore|iPhoneSimulator
		AppStore|x64 = AppStore|x64
		AppStore|x86 = AppStore|x86
		Debug|Any CPU = Debug|Any CPU
		Debug|ARM = Debug|ARM
		Debug|iPhone = Debug|iPhone
		Debug|iPhoneSimulator = Debug|iPhoneSimulator
		Debug|x64 = Debug|x64
		Debug|x86 = Debug|x86
		Release|Any CPU = Release|Any CPU
		Release|ARM = Release|ARM
		Release|iPhone = Release|iPhone
		Release|iPhoneSimulator = Release|iPhoneSimulator
		Release|x64 = Release|x64
		Release|x86 = Release|x86
	EndGlobalSection
	GlobalSection(ProjectConfigurationPlatforms) = postSolution
		{365FD04C-5294-497D-9361-78BF1EC9A836}.Ad-Hoc|Any CPU.ActiveCfg = Release|Any CPU
		{365FD04C-5294-497D-9361-78BF1EC9A836}.Ad-Hoc|Any CPU.Build.0 = Release|Any CPU
		{365FD04C-5294-497D-9361-78BF1EC9A836}.Ad-Hoc|ARM.ActiveCfg = Release|Any CPU
		{365FD04C-5294-497D-9361-78BF1EC9A836}.Ad-Hoc|ARM.Build.0 = Release|Any CPU
		{365FD04C-5294-497D-9361-78BF1EC9A836}.Ad-Hoc|iPhone.ActiveCfg = Release|Any CPU
		{365FD04C-5294-497D-9361-78BF1EC9A836}.Ad-Hoc|iPhone.Build.0 = Release|Any CPU
		{365FD04C-5294-497D-9361-78BF1EC9A836}.Ad-Hoc|iPhoneSimulator.ActiveCfg = Release|Any CPU
		{365FD04C-5294-497D-9361-78BF1EC9A836}.Ad-Hoc|iPhoneSimulator.Build.0 = Release|Any CPU
		{365FD04C-5294-497D-9361-78BF1EC9A836}.Ad-Hoc|x64.ActiveCfg = Release|Any CPU
		{365FD04C-5294-497D-9361-78BF1EC9A836}.Ad-Hoc|x64.Build.0 = Release|Any CPU
		{365FD04C-5294-497D-9361-78BF1EC9A836}.Ad-Hoc|x86.ActiveCfg = Release|Any CPU
		{365FD04C-5294-497D-9361-78BF1EC9A836}.Ad-Hoc|x86.Build.0 = Release|Any CPU
		{365FD04C-5294-497D-9361-78BF1EC9A836}.AppStore|Any CPU.ActiveCfg = Release|Any CPU
		{365FD04C-5294-497D-9361-78BF1EC9A836}.AppStore|Any CPU.Build.0 = Release|Any CPU
		{365FD04C-5294-497D-9361-78BF1EC9A836}.AppStore|ARM.ActiveCfg = Release|Any CPU
		{365FD04C-5294-497D-9361-78BF1EC9A836}.AppStore|ARM.Build.0 = Release|Any CPU
		{365FD04C-5294-497D-9361-78BF1EC9A836}.AppStore|iPhone.ActiveCfg = Release|Any CPU
		{365FD04C-5294-497D-9361-78BF1EC9A836}.AppStore|iPhone.Build.0 = Release|Any CPU
		{365FD04C-5294-497D-9361-78BF1EC9A836}.AppStore|iPhoneSimulator.ActiveCfg = Release|Any CPU
		{365FD04C-5294-497D-9361-78BF1EC9A836}.AppStore|iPhoneSimulator.Build.0 = Release|Any CPU
		{365FD04C-5294-497D-9361-78BF1EC9A836}.AppStore|x64.ActiveCfg = Release|Any CPU
		{365FD04C-5294-497D-9361-78BF1EC9A836}.AppStore|x64.Build.0 = Release|Any CPU
		{365FD04C-5294-497D-9361-78BF1EC9A836}.AppStore|x86.ActiveCfg = Release|Any CPU
		{365FD04C-5294-497D-9361-78BF1EC9A836}.AppStore|x86.Build.0 = Release|Any CPU
		{365FD04C-5294-497D-9361-78BF1EC9A836}.Debug|Any CPU.ActiveCfg = Debug|Any CPU
		{365FD04C-5294-497D-9361-78BF1EC9A836}.Debug|Any CPU.Build.0 = Debug|Any CPU
		{365FD04C-5294-497D-9361-78BF1EC9A836}.Debug|ARM.ActiveCfg = Debug|Any CPU
		{365FD04C-5294-497D-9361-78BF1EC9A836}.Debug|ARM.Build.0 = Debug|Any CPU
		{365FD04C-5294-497D-9361-78BF1EC9A836}.Debug|iPhone.ActiveCfg = Debug|Any CPU
		{365FD04C-5294-497D-9361-78BF1EC9A836}.Debug|iPhone.Build.0 = Debug|Any CPU
		{365FD04C-5294-497D-9361-78BF1EC9A836}.Debug|iPhoneSimulator.ActiveCfg = Debug|Any CPU
		{365FD04C-5294-497D-9361-78BF1EC9A836}.Debug|iPhoneSimulator.Build.0 = Debug|Any CPU
		{365FD04C-5294-497D-9361-78BF1EC9A836}.Debug|x64.ActiveCfg = Debug|Any CPU
		{365FD04C-5294-497D-9361-78BF1EC9A836}.Debug|x64.Build.0 = Debug|Any CPU
		{365FD04C-5294-497D-9361-78BF1EC9A836}.Debug|x86.ActiveCfg = Debug|Any CPU
		{365FD04C-5294-497D-9361-78BF1EC9A836}.Debug|x86.Build.0 = Debug|Any CPU
		{365FD04C-5294-497D-9361-78BF1EC9A836}.Release|Any CPU.ActiveCfg = Release|Any CPU
		{365FD04C-5294-497D-9361-78BF1EC9A836}.Release|Any CPU.Build.0 = Release|Any CPU
		{365FD04C-5294-497D-9361-78BF1EC9A836}.Release|ARM.ActiveCfg = Release|Any CPU
		{365FD04C-5294-497D-9361-78BF1EC9A836}.Release|ARM.Build.0 = Release|Any CPU
		{365FD04C-5294-497D-9361-78BF1EC9A836}.Release|iPhone.ActiveCfg = Release|Any CPU
		{365FD04C-5294-497D-9361-78BF1EC9A836}.Release|iPhone.Build.0 = Release|Any CPU
		{365FD04C-5294-497D-9361-78BF1EC9A836}.Release|iPhoneSimulator.ActiveCfg = Release|Any CPU
		{365FD04C-5294-497D-9361-78BF1EC9A836}.Release|iPhoneSimulator.Build.0 = Release|Any CPU
		{365FD04C-5294-497D-9361-78BF1EC9A836}.Release|x64.ActiveCfg = Release|Any CPU
		{365FD04C-5294-497D-9361-78BF1EC9A836}.Release|x64.Build.0 = Release|Any CPU
		{365FD04C-5294-497D-9361-78BF1EC9A836}.Release|x86.ActiveCfg = Release|Any CPU
		{365FD04C-5294-497D-9361-78BF1EC9A836}.Release|x86.Build.0 = Release|Any CPU
		{62A53DF1-4336-46D9-9174-2877CAF69604}.Ad-Hoc|Any CPU.ActiveCfg = Release|Any CPU
		{62A53DF1-4336-46D9-9174-2877CAF69604}.Ad-Hoc|Any CPU.Build.0 = Release|Any CPU
		{62A53DF1-4336-46D9-9174-2877CAF69604}.Ad-Hoc|ARM.ActiveCfg = Release|Any CPU
		{62A53DF1-4336-46D9-9174-2877CAF69604}.Ad-Hoc|ARM.Build.0 = Release|Any CPU
		{62A53DF1-4336-46D9-9174-2877CAF69604}.Ad-Hoc|iPhone.ActiveCfg = Release|Any CPU
		{62A53DF1-4336-46D9-9174-2877CAF69604}.Ad-Hoc|iPhone.Build.0 = Release|Any CPU
		{62A53DF1-4336-46D9-9174-2877CAF69604}.Ad-Hoc|iPhoneSimulator.ActiveCfg = Release|Any CPU
		{62A53DF1-4336-46D9-9174-2877CAF69604}.Ad-Hoc|iPhoneSimulator.Build.0 = Release|Any CPU
		{62A53DF1-4336-46D9-9174-2877CAF69604}.Ad-Hoc|x64.ActiveCfg = Release|Any CPU
		{62A53DF1-4336-46D9-9174-2877CAF69604}.Ad-Hoc|x64.Build.0 = Release|Any CPU
		{62A53DF1-4336-46D9-9174-2877CAF69604}.Ad-Hoc|x86.ActiveCfg = Release|Any CPU
		{62A53DF1-4336-46D9-9174-2877CAF69604}.Ad-Hoc|x86.Build.0 = Release|Any CPU
		{62A53DF1-4336-46D9-9174-2877CAF69604}.AppStore|Any CPU.ActiveCfg = Release|Any CPU
		{62A53DF1-4336-46D9-9174-2877CAF69604}.AppStore|Any CPU.Build.0 = Release|Any CPU
		{62A53DF1-4336-46D9-9174-2877CAF69604}.AppStore|ARM.ActiveCfg = Release|Any CPU
		{62A53DF1-4336-46D9-9174-2877CAF69604}.AppStore|ARM.Build.0 = Release|Any CPU
		{62A53DF1-4336-46D9-9174-2877CAF69604}.AppStore|iPhone.ActiveCfg = Release|Any CPU
		{62A53DF1-4336-46D9-9174-2877CAF69604}.AppStore|iPhone.Build.0 = Release|Any CPU
		{62A53DF1-4336-46D9-9174-2877CAF69604}.AppStore|iPhoneSimulator.ActiveCfg = Release|Any CPU
		{62A53DF1-4336-46D9-9174-2877CAF69604}.AppStore|iPhoneSimulator.Build.0 = Release|Any CPU
		{62A53DF1-4336-46D9-9174-2877CAF69604}.AppStore|x64.ActiveCfg = Release|Any CPU
		{62A53DF1-4336-46D9-9174-2877CAF69604}.AppStore|x64.Build.0 = Release|Any CPU
		{62A53DF1-4336-46D9-9174-2877CAF69604}.AppStore|x86.ActiveCfg = Release|Any CPU
		{62A53DF1-4336-46D9-9174-2877CAF69604}.AppStore|x86.Build.0 = Release|Any CPU
		{62A53DF1-4336-46D9-9174-2877CAF69604}.Debug|Any CPU.ActiveCfg = Debug|Any CPU
		{62A53DF1-4336-46D9-9174-2877CAF69604}.Debug|Any CPU.Build.0 = Debug|Any CPU
		{62A53DF1-4336-46D9-9174-2877CAF69604}.Debug|ARM.ActiveCfg = Debug|Any CPU
		{62A53DF1-4336-46D9-9174-2877CAF69604}.Debug|ARM.Build.0 = Debug|Any CPU
		{62A53DF1-4336-46D9-9174-2877CAF69604}.Debug|iPhone.ActiveCfg = Debug|Any CPU
		{62A53DF1-4336-46D9-9174-2877CAF69604}.Debug|iPhone.Build.0 = Debug|Any CPU
		{62A53DF1-4336-46D9-9174-2877CAF69604}.Debug|iPhoneSimulator.ActiveCfg = Debug|Any CPU
		{62A53DF1-4336-46D9-9174-2877CAF69604}.Debug|iPhoneSimulator.Build.0 = Debug|Any CPU
		{62A53DF1-4336-46D9-9174-2877CAF69604}.Debug|x64.ActiveCfg = Debug|Any CPU
		{62A53DF1-4336-46D9-9174-2877CAF69604}.Debug|x64.Build.0 = Debug|Any CPU
		{62A53DF1-4336-46D9-9174-2877CAF69604}.Debug|x86.ActiveCfg = Debug|Any CPU
		{62A53DF1-4336-46D9-9174-2877CAF69604}.Debug|x86.Build.0 = Debug|Any CPU
		{62A53DF1-4336-46D9-9174-2877CAF69604}.Release|Any CPU.ActiveCfg = Release|Any CPU
		{62A53DF1-4336-46D9-9174-2877CAF69604}.Release|Any CPU.Build.0 = Release|Any CPU
		{62A53DF1-4336-46D9-9174-2877CAF69604}.Release|ARM.ActiveCfg = Release|Any CPU
		{62A53DF1-4336-46D9-9174-2877CAF69604}.Release|ARM.Build.0 = Release|Any CPU
		{62A53DF1-4336-46D9-9174-2877CAF69604}.Release|iPhone.ActiveCfg = Release|Any CPU
		{62A53DF1-4336-46D9-9174-2877CAF69604}.Release|iPhone.Build.0 = Release|Any CPU
		{62A53DF1-4336-46D9-9174-2877CAF69604}.Release|iPhoneSimulator.ActiveCfg = Release|Any CPU
		{62A53DF1-4336-46D9-9174-2877CAF69604}.Release|iPhoneSimulator.Build.0 = Release|Any CPU
		{62A53DF1-4336-46D9-9174-2877CAF69604}.Release|x64.ActiveCfg = Release|Any CPU
		{62A53DF1-4336-46D9-9174-2877CAF69604}.Release|x64.Build.0 = Release|Any CPU
		{62A53DF1-4336-46D9-9174-2877CAF69604}.Release|x86.ActiveCfg = Release|Any CPU
		{62A53DF1-4336-46D9-9174-2877CAF69604}.Release|x86.Build.0 = Release|Any CPU
		{317CACFE-4143-4956-8C8E-E4636AB463A7}.Ad-Hoc|Any CPU.ActiveCfg = Release|Any CPU
		{317CACFE-4143-4956-8C8E-E4636AB463A7}.Ad-Hoc|Any CPU.Build.0 = Release|Any CPU
		{317CACFE-4143-4956-8C8E-E4636AB463A7}.Ad-Hoc|Any CPU.Deploy.0 = Release|Any CPU
		{317CACFE-4143-4956-8C8E-E4636AB463A7}.Ad-Hoc|ARM.ActiveCfg = Release|Any CPU
		{317CACFE-4143-4956-8C8E-E4636AB463A7}.Ad-Hoc|ARM.Build.0 = Release|Any CPU
		{317CACFE-4143-4956-8C8E-E4636AB463A7}.Ad-Hoc|ARM.Deploy.0 = Release|Any CPU
		{317CACFE-4143-4956-8C8E-E4636AB463A7}.Ad-Hoc|iPhone.ActiveCfg = Release|Any CPU
		{317CACFE-4143-4956-8C8E-E4636AB463A7}.Ad-Hoc|iPhone.Build.0 = Release|Any CPU
		{317CACFE-4143-4956-8C8E-E4636AB463A7}.Ad-Hoc|iPhone.Deploy.0 = Release|Any CPU
		{317CACFE-4143-4956-8C8E-E4636AB463A7}.Ad-Hoc|iPhoneSimulator.ActiveCfg = Release|Any CPU
		{317CACFE-4143-4956-8C8E-E4636AB463A7}.Ad-Hoc|iPhoneSimulator.Build.0 = Release|Any CPU
		{317CACFE-4143-4956-8C8E-E4636AB463A7}.Ad-Hoc|iPhoneSimulator.Deploy.0 = Release|Any CPU
		{317CACFE-4143-4956-8C8E-E4636AB463A7}.Ad-Hoc|x64.ActiveCfg = Release|Any CPU
		{317CACFE-4143-4956-8C8E-E4636AB463A7}.Ad-Hoc|x64.Build.0 = Release|Any CPU
		{317CACFE-4143-4956-8C8E-E4636AB463A7}.Ad-Hoc|x64.Deploy.0 = Release|Any CPU
		{317CACFE-4143-4956-8C8E-E4636AB463A7}.Ad-Hoc|x86.ActiveCfg = Release|Any CPU
		{317CACFE-4143-4956-8C8E-E4636AB463A7}.Ad-Hoc|x86.Build.0 = Release|Any CPU
		{317CACFE-4143-4956-8C8E-E4636AB463A7}.Ad-Hoc|x86.Deploy.0 = Release|Any CPU
		{317CACFE-4143-4956-8C8E-E4636AB463A7}.AppStore|Any CPU.ActiveCfg = Release|Any CPU
		{317CACFE-4143-4956-8C8E-E4636AB463A7}.AppStore|Any CPU.Build.0 = Release|Any CPU
		{317CACFE-4143-4956-8C8E-E4636AB463A7}.AppStore|Any CPU.Deploy.0 = Release|Any CPU
		{317CACFE-4143-4956-8C8E-E4636AB463A7}.AppStore|ARM.ActiveCfg = Release|Any CPU
		{317CACFE-4143-4956-8C8E-E4636AB463A7}.AppStore|ARM.Build.0 = Release|Any CPU
		{317CACFE-4143-4956-8C8E-E4636AB463A7}.AppStore|ARM.Deploy.0 = Release|Any CPU
		{317CACFE-4143-4956-8C8E-E4636AB463A7}.AppStore|iPhone.ActiveCfg = Release|Any CPU
		{317CACFE-4143-4956-8C8E-E4636AB463A7}.AppStore|iPhone.Build.0 = Release|Any CPU
		{317CACFE-4143-4956-8C8E-E4636AB463A7}.AppStore|iPhone.Deploy.0 = Release|Any CPU
		{317CACFE-4143-4956-8C8E-E4636AB463A7}.AppStore|iPhoneSimulator.ActiveCfg = Release|Any CPU
		{317CACFE-4143-4956-8C8E-E4636AB463A7}.AppStore|iPhoneSimulator.Build.0 = Release|Any CPU
		{317CACFE-4143-4956-8C8E-E4636AB463A7}.AppStore|iPhoneSimulator.Deploy.0 = Release|Any CPU
		{317CACFE-4143-4956-8C8E-E4636AB463A7}.AppStore|x64.ActiveCfg = Release|Any CPU
		{317CACFE-4143-4956-8C8E-E4636AB463A7}.AppStore|x64.Build.0 = Release|Any CPU
		{317CACFE-4143-4956-8C8E-E4636AB463A7}.AppStore|x64.Deploy.0 = Release|Any CPU
		{317CACFE-4143-4956-8C8E-E4636AB463A7}.AppStore|x86.ActiveCfg = Release|Any CPU
		{317CACFE-4143-4956-8C8E-E4636AB463A7}.AppStore|x86.Build.0 = Release|Any CPU
		{317CACFE-4143-4956-8C8E-E4636AB463A7}.AppStore|x86.Deploy.0 = Release|Any CPU
		{317CACFE-4143-4956-8C8E-E4636AB463A7}.Debug|Any CPU.ActiveCfg = Debug|Any CPU
		{317CACFE-4143-4956-8C8E-E4636AB463A7}.Debug|Any CPU.Build.0 = Debug|Any CPU
		{317CACFE-4143-4956-8C8E-E4636AB463A7}.Debug|Any CPU.Deploy.0 = Debug|Any CPU
		{317CACFE-4143-4956-8C8E-E4636AB463A7}.Debug|ARM.ActiveCfg = Debug|Any CPU
		{317CACFE-4143-4956-8C8E-E4636AB463A7}.Debug|ARM.Build.0 = Debug|Any CPU
		{317CACFE-4143-4956-8C8E-E4636AB463A7}.Debug|ARM.Deploy.0 = Debug|Any CPU
		{317CACFE-4143-4956-8C8E-E4636AB463A7}.Debug|iPhone.ActiveCfg = Debug|Any CPU
		{317CACFE-4143-4956-8C8E-E4636AB463A7}.Debug|iPhone.Build.0 = Debug|Any CPU
		{317CACFE-4143-4956-8C8E-E4636AB463A7}.Debug|iPhone.Deploy.0 = Debug|Any CPU
		{317CACFE-4143-4956-8C8E-E4636AB463A7}.Debug|iPhoneSimulator.ActiveCfg = Debug|Any CPU
		{317CACFE-4143-4956-8C8E-E4636AB463A7}.Debug|iPhoneSimulator.Build.0 = Debug|Any CPU
		{317CACFE-4143-4956-8C8E-E4636AB463A7}.Debug|iPhoneSimulator.Deploy.0 = Debug|Any CPU
		{317CACFE-4143-4956-8C8E-E4636AB463A7}.Debug|x64.ActiveCfg = Debug|Any CPU
		{317CACFE-4143-4956-8C8E-E4636AB463A7}.Debug|x64.Build.0 = Debug|Any CPU
		{317CACFE-4143-4956-8C8E-E4636AB463A7}.Debug|x64.Deploy.0 = Debug|Any CPU
		{317CACFE-4143-4956-8C8E-E4636AB463A7}.Debug|x86.ActiveCfg = Debug|Any CPU
		{317CACFE-4143-4956-8C8E-E4636AB463A7}.Debug|x86.Build.0 = Debug|Any CPU
		{317CACFE-4143-4956-8C8E-E4636AB463A7}.Debug|x86.Deploy.0 = Debug|Any CPU
		{317CACFE-4143-4956-8C8E-E4636AB463A7}.Release|Any CPU.ActiveCfg = Release|Any CPU
		{317CACFE-4143-4956-8C8E-E4636AB463A7}.Release|Any CPU.Build.0 = Release|Any CPU
		{317CACFE-4143-4956-8C8E-E4636AB463A7}.Release|Any CPU.Deploy.0 = Release|Any CPU
		{317CACFE-4143-4956-8C8E-E4636AB463A7}.Release|ARM.ActiveCfg = Release|Any CPU
		{317CACFE-4143-4956-8C8E-E4636AB463A7}.Release|ARM.Build.0 = Release|Any CPU
		{317CACFE-4143-4956-8C8E-E4636AB463A7}.Release|ARM.Deploy.0 = Release|Any CPU
		{317CACFE-4143-4956-8C8E-E4636AB463A7}.Release|iPhone.ActiveCfg = Release|Any CPU
		{317CACFE-4143-4956-8C8E-E4636AB463A7}.Release|iPhone.Build.0 = Release|Any CPU
		{317CACFE-4143-4956-8C8E-E4636AB463A7}.Release|iPhone.Deploy.0 = Release|Any CPU
		{317CACFE-4143-4956-8C8E-E4636AB463A7}.Release|iPhoneSimulator.ActiveCfg = Release|Any CPU
		{317CACFE-4143-4956-8C8E-E4636AB463A7}.Release|iPhoneSimulator.Build.0 = Release|Any CPU
		{317CACFE-4143-4956-8C8E-E4636AB463A7}.Release|iPhoneSimulator.Deploy.0 = Release|Any CPU
		{317CACFE-4143-4956-8C8E-E4636AB463A7}.Release|x64.ActiveCfg = Release|Any CPU
		{317CACFE-4143-4956-8C8E-E4636AB463A7}.Release|x64.Build.0 = Release|Any CPU
		{317CACFE-4143-4956-8C8E-E4636AB463A7}.Release|x64.Deploy.0 = Release|Any CPU
		{317CACFE-4143-4956-8C8E-E4636AB463A7}.Release|x86.ActiveCfg = Release|Any CPU
		{317CACFE-4143-4956-8C8E-E4636AB463A7}.Release|x86.Build.0 = Release|Any CPU
		{317CACFE-4143-4956-8C8E-E4636AB463A7}.Release|x86.Deploy.0 = Release|Any CPU
		{0BB927BE-7B86-49E1-BFB3-F9AE30891D87}.Ad-Hoc|Any CPU.ActiveCfg = Ad-Hoc|iPhone
		{0BB927BE-7B86-49E1-BFB3-F9AE30891D87}.Ad-Hoc|ARM.ActiveCfg = Ad-Hoc|iPhone
		{0BB927BE-7B86-49E1-BFB3-F9AE30891D87}.Ad-Hoc|iPhone.ActiveCfg = Ad-Hoc|iPhone
		{0BB927BE-7B86-49E1-BFB3-F9AE30891D87}.Ad-Hoc|iPhone.Build.0 = Ad-Hoc|iPhone
		{0BB927BE-7B86-49E1-BFB3-F9AE30891D87}.Ad-Hoc|iPhoneSimulator.ActiveCfg = Ad-Hoc|iPhoneSimulator
		{0BB927BE-7B86-49E1-BFB3-F9AE30891D87}.Ad-Hoc|iPhoneSimulator.Build.0 = Ad-Hoc|iPhoneSimulator
		{0BB927BE-7B86-49E1-BFB3-F9AE30891D87}.Ad-Hoc|x64.ActiveCfg = Ad-Hoc|iPhone
		{0BB927BE-7B86-49E1-BFB3-F9AE30891D87}.Ad-Hoc|x86.ActiveCfg = Ad-Hoc|iPhone
		{0BB927BE-7B86-49E1-BFB3-F9AE30891D87}.AppStore|Any CPU.ActiveCfg = AppStore|iPhone
		{0BB927BE-7B86-49E1-BFB3-F9AE30891D87}.AppStore|ARM.ActiveCfg = AppStore|iPhone
		{0BB927BE-7B86-49E1-BFB3-F9AE30891D87}.AppStore|iPhone.ActiveCfg = AppStore|iPhone
		{0BB927BE-7B86-49E1-BFB3-F9AE30891D87}.AppStore|iPhone.Build.0 = AppStore|iPhone
		{0BB927BE-7B86-49E1-BFB3-F9AE30891D87}.AppStore|iPhoneSimulator.ActiveCfg = AppStore|iPhoneSimulator
		{0BB927BE-7B86-49E1-BFB3-F9AE30891D87}.AppStore|iPhoneSimulator.Build.0 = AppStore|iPhoneSimulator
		{0BB927BE-7B86-49E1-BFB3-F9AE30891D87}.AppStore|x64.ActiveCfg = AppStore|iPhone
		{0BB927BE-7B86-49E1-BFB3-F9AE30891D87}.AppStore|x86.ActiveCfg = AppStore|iPhone
		{0BB927BE-7B86-49E1-BFB3-F9AE30891D87}.Debug|Any CPU.ActiveCfg = Debug|iPhone
		{0BB927BE-7B86-49E1-BFB3-F9AE30891D87}.Debug|ARM.ActiveCfg = Debug|iPhone
		{0BB927BE-7B86-49E1-BFB3-F9AE30891D87}.Debug|iPhone.ActiveCfg = Debug|iPhone
		{0BB927BE-7B86-49E1-BFB3-F9AE30891D87}.Debug|iPhone.Build.0 = Debug|iPhone
		{0BB927BE-7B86-49E1-BFB3-F9AE30891D87}.Debug|iPhoneSimulator.ActiveCfg = Debug|iPhoneSimulator
		{0BB927BE-7B86-49E1-BFB3-F9AE30891D87}.Debug|iPhoneSimulator.Build.0 = Debug|iPhoneSimulator
		{0BB927BE-7B86-49E1-BFB3-F9AE30891D87}.Debug|x64.ActiveCfg = Debug|iPhone
		{0BB927BE-7B86-49E1-BFB3-F9AE30891D87}.Debug|x86.ActiveCfg = Debug|iPhone
		{0BB927BE-7B86-49E1-BFB3-F9AE30891D87}.Release|Any CPU.ActiveCfg = Release|iPhone
		{0BB927BE-7B86-49E1-BFB3-F9AE30891D87}.Release|ARM.ActiveCfg = Release|iPhone
		{0BB927BE-7B86-49E1-BFB3-F9AE30891D87}.Release|iPhone.ActiveCfg = Release|iPhone
		{0BB927BE-7B86-49E1-BFB3-F9AE30891D87}.Release|iPhone.Build.0 = Release|iPhone
		{0BB927BE-7B86-49E1-BFB3-F9AE30891D87}.Release|iPhoneSimulator.ActiveCfg = Release|iPhoneSimulator
		{0BB927BE-7B86-49E1-BFB3-F9AE30891D87}.Release|iPhoneSimulator.Build.0 = Release|iPhoneSimulator
		{0BB927BE-7B86-49E1-BFB3-F9AE30891D87}.Release|x64.ActiveCfg = Release|iPhone
		{0BB927BE-7B86-49E1-BFB3-F9AE30891D87}.Release|x86.ActiveCfg = Release|iPhone
		{C00F69A1-5DAE-4D1B-9986-E47B047EDF8C}.Ad-Hoc|Any CPU.ActiveCfg = Release|x86
		{C00F69A1-5DAE-4D1B-9986-E47B047EDF8C}.Ad-Hoc|Any CPU.Build.0 = Release|x86
		{C00F69A1-5DAE-4D1B-9986-E47B047EDF8C}.Ad-Hoc|Any CPU.Deploy.0 = Release|x86
		{C00F69A1-5DAE-4D1B-9986-E47B047EDF8C}.Ad-Hoc|ARM.ActiveCfg = Release|ARM
		{C00F69A1-5DAE-4D1B-9986-E47B047EDF8C}.Ad-Hoc|ARM.Build.0 = Release|ARM
		{C00F69A1-5DAE-4D1B-9986-E47B047EDF8C}.Ad-Hoc|ARM.Deploy.0 = Release|ARM
		{C00F69A1-5DAE-4D1B-9986-E47B047EDF8C}.Ad-Hoc|iPhone.ActiveCfg = Release|x86
		{C00F69A1-5DAE-4D1B-9986-E47B047EDF8C}.Ad-Hoc|iPhone.Build.0 = Release|x86
		{C00F69A1-5DAE-4D1B-9986-E47B047EDF8C}.Ad-Hoc|iPhone.Deploy.0 = Release|x86
		{C00F69A1-5DAE-4D1B-9986-E47B047EDF8C}.Ad-Hoc|iPhoneSimulator.ActiveCfg = Release|x86
		{C00F69A1-5DAE-4D1B-9986-E47B047EDF8C}.Ad-Hoc|iPhoneSimulator.Build.0 = Release|x86
		{C00F69A1-5DAE-4D1B-9986-E47B047EDF8C}.Ad-Hoc|iPhoneSimulator.Deploy.0 = Release|x86
		{C00F69A1-5DAE-4D1B-9986-E47B047EDF8C}.Ad-Hoc|x64.ActiveCfg = Release|x64
		{C00F69A1-5DAE-4D1B-9986-E47B047EDF8C}.Ad-Hoc|x64.Build.0 = Release|x64
		{C00F69A1-5DAE-4D1B-9986-E47B047EDF8C}.Ad-Hoc|x64.Deploy.0 = Release|x64
		{C00F69A1-5DAE-4D1B-9986-E47B047EDF8C}.Ad-Hoc|x86.ActiveCfg = Release|x86
		{C00F69A1-5DAE-4D1B-9986-E47B047EDF8C}.Ad-Hoc|x86.Build.0 = Release|x86
		{C00F69A1-5DAE-4D1B-9986-E47B047EDF8C}.Ad-Hoc|x86.Deploy.0 = Release|x86
		{C00F69A1-5DAE-4D1B-9986-E47B047EDF8C}.AppStore|Any CPU.ActiveCfg = Release|x86
		{C00F69A1-5DAE-4D1B-9986-E47B047EDF8C}.AppStore|Any CPU.Build.0 = Release|x86
		{C00F69A1-5DAE-4D1B-9986-E47B047EDF8C}.AppStore|Any CPU.Deploy.0 = Release|x86
		{C00F69A1-5DAE-4D1B-9986-E47B047EDF8C}.AppStore|ARM.ActiveCfg = Release|ARM
		{C00F69A1-5DAE-4D1B-9986-E47B047EDF8C}.AppStore|ARM.Build.0 = Release|ARM
		{C00F69A1-5DAE-4D1B-9986-E47B047EDF8C}.AppStore|ARM.Deploy.0 = Release|ARM
		{C00F69A1-5DAE-4D1B-9986-E47B047EDF8C}.AppStore|iPhone.ActiveCfg = Release|x86
		{C00F69A1-5DAE-4D1B-9986-E47B047EDF8C}.AppStore|iPhone.Build.0 = Release|x86
		{C00F69A1-5DAE-4D1B-9986-E47B047EDF8C}.AppStore|iPhone.Deploy.0 = Release|x86
		{C00F69A1-5DAE-4D1B-9986-E47B047EDF8C}.AppStore|iPhoneSimulator.ActiveCfg = Release|x86
		{C00F69A1-5DAE-4D1B-9986-E47B047EDF8C}.AppStore|iPhoneSimulator.Build.0 = Release|x86
		{C00F69A1-5DAE-4D1B-9986-E47B047EDF8C}.AppStore|iPhoneSimulator.Deploy.0 = Release|x86
		{C00F69A1-5DAE-4D1B-9986-E47B047EDF8C}.AppStore|x64.ActiveCfg = Release|x64
		{C00F69A1-5DAE-4D1B-9986-E47B047EDF8C}.AppStore|x64.Build.0 = Release|x64
		{C00F69A1-5DAE-4D1B-9986-E47B047EDF8C}.AppStore|x64.Deploy.0 = Release|x64
		{C00F69A1-5DAE-4D1B-9986-E47B047EDF8C}.AppStore|x86.ActiveCfg = Release|x86
		{C00F69A1-5DAE-4D1B-9986-E47B047EDF8C}.AppStore|x86.Build.0 = Release|x86
		{C00F69A1-5DAE-4D1B-9986-E47B047EDF8C}.AppStore|x86.Deploy.0 = Release|x86
		{C00F69A1-5DAE-4D1B-9986-E47B047EDF8C}.Debug|Any CPU.ActiveCfg = Debug|x86
		{C00F69A1-5DAE-4D1B-9986-E47B047EDF8C}.Debug|ARM.ActiveCfg = Debug|ARM
		{C00F69A1-5DAE-4D1B-9986-E47B047EDF8C}.Debug|ARM.Build.0 = Debug|ARM
		{C00F69A1-5DAE-4D1B-9986-E47B047EDF8C}.Debug|ARM.Deploy.0 = Debug|ARM
		{C00F69A1-5DAE-4D1B-9986-E47B047EDF8C}.Debug|iPhone.ActiveCfg = Debug|x86
		{C00F69A1-5DAE-4D1B-9986-E47B047EDF8C}.Debug|iPhoneSimulator.ActiveCfg = Debug|x86
		{C00F69A1-5DAE-4D1B-9986-E47B047EDF8C}.Debug|x64.ActiveCfg = Debug|x64
		{C00F69A1-5DAE-4D1B-9986-E47B047EDF8C}.Debug|x64.Build.0 = Debug|x64
		{C00F69A1-5DAE-4D1B-9986-E47B047EDF8C}.Debug|x64.Deploy.0 = Debug|x64
		{C00F69A1-5DAE-4D1B-9986-E47B047EDF8C}.Debug|x86.ActiveCfg = Debug|x86
		{C00F69A1-5DAE-4D1B-9986-E47B047EDF8C}.Debug|x86.Build.0 = Debug|x86
		{C00F69A1-5DAE-4D1B-9986-E47B047EDF8C}.Debug|x86.Deploy.0 = Debug|x86
		{C00F69A1-5DAE-4D1B-9986-E47B047EDF8C}.Release|Any CPU.ActiveCfg = Release|x86
		{C00F69A1-5DAE-4D1B-9986-E47B047EDF8C}.Release|ARM.ActiveCfg = Release|ARM
		{C00F69A1-5DAE-4D1B-9986-E47B047EDF8C}.Release|ARM.Build.0 = Release|ARM
		{C00F69A1-5DAE-4D1B-9986-E47B047EDF8C}.Release|ARM.Deploy.0 = Release|ARM
		{C00F69A1-5DAE-4D1B-9986-E47B047EDF8C}.Release|iPhone.ActiveCfg = Release|x86
		{C00F69A1-5DAE-4D1B-9986-E47B047EDF8C}.Release|iPhoneSimulator.ActiveCfg = Release|x86
		{C00F69A1-5DAE-4D1B-9986-E47B047EDF8C}.Release|x64.ActiveCfg = Release|x64
		{C00F69A1-5DAE-4D1B-9986-E47B047EDF8C}.Release|x64.Build.0 = Release|x64
		{C00F69A1-5DAE-4D1B-9986-E47B047EDF8C}.Release|x64.Deploy.0 = Release|x64
		{C00F69A1-5DAE-4D1B-9986-E47B047EDF8C}.Release|x86.ActiveCfg = Release|x86
		{C00F69A1-5DAE-4D1B-9986-E47B047EDF8C}.Release|x86.Build.0 = Release|x86
		{C00F69A1-5DAE-4D1B-9986-E47B047EDF8C}.Release|x86.Deploy.0 = Release|x86
		{AD386867-3A11-48D0-84F9-7011F20D3936}.Ad-Hoc|Any CPU.ActiveCfg = Debug|Any CPU
		{AD386867-3A11-48D0-84F9-7011F20D3936}.Ad-Hoc|Any CPU.Build.0 = Debug|Any CPU
		{AD386867-3A11-48D0-84F9-7011F20D3936}.Ad-Hoc|ARM.ActiveCfg = Debug|Any CPU
		{AD386867-3A11-48D0-84F9-7011F20D3936}.Ad-Hoc|ARM.Build.0 = Debug|Any CPU
		{AD386867-3A11-48D0-84F9-7011F20D3936}.Ad-Hoc|iPhone.ActiveCfg = Debug|Any CPU
		{AD386867-3A11-48D0-84F9-7011F20D3936}.Ad-Hoc|iPhone.Build.0 = Debug|Any CPU
		{AD386867-3A11-48D0-84F9-7011F20D3936}.Ad-Hoc|iPhoneSimulator.ActiveCfg = Debug|Any CPU
		{AD386867-3A11-48D0-84F9-7011F20D3936}.Ad-Hoc|iPhoneSimulator.Build.0 = Debug|Any CPU
		{AD386867-3A11-48D0-84F9-7011F20D3936}.Ad-Hoc|x64.ActiveCfg = Debug|Any CPU
		{AD386867-3A11-48D0-84F9-7011F20D3936}.Ad-Hoc|x64.Build.0 = Debug|Any CPU
		{AD386867-3A11-48D0-84F9-7011F20D3936}.Ad-Hoc|x86.ActiveCfg = Debug|Any CPU
		{AD386867-3A11-48D0-84F9-7011F20D3936}.Ad-Hoc|x86.Build.0 = Debug|Any CPU
		{AD386867-3A11-48D0-84F9-7011F20D3936}.AppStore|Any CPU.ActiveCfg = Debug|Any CPU
		{AD386867-3A11-48D0-84F9-7011F20D3936}.AppStore|Any CPU.Build.0 = Debug|Any CPU
		{AD386867-3A11-48D0-84F9-7011F20D3936}.AppStore|ARM.ActiveCfg = Debug|Any CPU
		{AD386867-3A11-48D0-84F9-7011F20D3936}.AppStore|ARM.Build.0 = Debug|Any CPU
		{AD386867-3A11-48D0-84F9-7011F20D3936}.AppStore|iPhone.ActiveCfg = Debug|Any CPU
		{AD386867-3A11-48D0-84F9-7011F20D3936}.AppStore|iPhone.Build.0 = Debug|Any CPU
		{AD386867-3A11-48D0-84F9-7011F20D3936}.AppStore|iPhoneSimulator.ActiveCfg = Debug|Any CPU
		{AD386867-3A11-48D0-84F9-7011F20D3936}.AppStore|iPhoneSimulator.Build.0 = Debug|Any CPU
		{AD386867-3A11-48D0-84F9-7011F20D3936}.AppStore|x64.ActiveCfg = Debug|Any CPU
		{AD386867-3A11-48D0-84F9-7011F20D3936}.AppStore|x64.Build.0 = Debug|Any CPU
		{AD386867-3A11-48D0-84F9-7011F20D3936}.AppStore|x86.ActiveCfg = Debug|Any CPU
		{AD386867-3A11-48D0-84F9-7011F20D3936}.AppStore|x86.Build.0 = Debug|Any CPU
		{AD386867-3A11-48D0-84F9-7011F20D3936}.Debug|Any CPU.ActiveCfg = Debug|Any CPU
		{AD386867-3A11-48D0-84F9-7011F20D3936}.Debug|Any CPU.Build.0 = Debug|Any CPU
		{AD386867-3A11-48D0-84F9-7011F20D3936}.Debug|ARM.ActiveCfg = Debug|Any CPU
		{AD386867-3A11-48D0-84F9-7011F20D3936}.Debug|ARM.Build.0 = Debug|Any CPU
		{AD386867-3A11-48D0-84F9-7011F20D3936}.Debug|iPhone.ActiveCfg = Debug|Any CPU
		{AD386867-3A11-48D0-84F9-7011F20D3936}.Debug|iPhone.Build.0 = Debug|Any CPU
		{AD386867-3A11-48D0-84F9-7011F20D3936}.Debug|iPhoneSimulator.ActiveCfg = Debug|Any CPU
		{AD386867-3A11-48D0-84F9-7011F20D3936}.Debug|iPhoneSimulator.Build.0 = Debug|Any CPU
		{AD386867-3A11-48D0-84F9-7011F20D3936}.Debug|x64.ActiveCfg = Debug|Any CPU
		{AD386867-3A11-48D0-84F9-7011F20D3936}.Debug|x64.Build.0 = Debug|Any CPU
		{AD386867-3A11-48D0-84F9-7011F20D3936}.Debug|x86.ActiveCfg = Debug|Any CPU
		{AD386867-3A11-48D0-84F9-7011F20D3936}.Debug|x86.Build.0 = Debug|Any CPU
		{AD386867-3A11-48D0-84F9-7011F20D3936}.Release|Any CPU.ActiveCfg = Release|Any CPU
		{AD386867-3A11-48D0-84F9-7011F20D3936}.Release|Any CPU.Build.0 = Release|Any CPU
		{AD386867-3A11-48D0-84F9-7011F20D3936}.Release|ARM.ActiveCfg = Release|Any CPU
		{AD386867-3A11-48D0-84F9-7011F20D3936}.Release|ARM.Build.0 = Release|Any CPU
		{AD386867-3A11-48D0-84F9-7011F20D3936}.Release|iPhone.ActiveCfg = Release|Any CPU
		{AD386867-3A11-48D0-84F9-7011F20D3936}.Release|iPhone.Build.0 = Release|Any CPU
		{AD386867-3A11-48D0-84F9-7011F20D3936}.Release|iPhoneSimulator.ActiveCfg = Release|Any CPU
		{AD386867-3A11-48D0-84F9-7011F20D3936}.Release|iPhoneSimulator.Build.0 = Release|Any CPU
		{AD386867-3A11-48D0-84F9-7011F20D3936}.Release|x64.ActiveCfg = Release|Any CPU
		{AD386867-3A11-48D0-84F9-7011F20D3936}.Release|x64.Build.0 = Release|Any CPU
		{AD386867-3A11-48D0-84F9-7011F20D3936}.Release|x86.ActiveCfg = Release|Any CPU
		{AD386867-3A11-48D0-84F9-7011F20D3936}.Release|x86.Build.0 = Release|Any CPU
		{5828A22E-FB60-4070-AD1B-5C580472761B}.Ad-Hoc|Any CPU.ActiveCfg = Debug|Any CPU
		{5828A22E-FB60-4070-AD1B-5C580472761B}.Ad-Hoc|Any CPU.Build.0 = Debug|Any CPU
		{5828A22E-FB60-4070-AD1B-5C580472761B}.Ad-Hoc|ARM.ActiveCfg = Debug|Any CPU
		{5828A22E-FB60-4070-AD1B-5C580472761B}.Ad-Hoc|ARM.Build.0 = Debug|Any CPU
		{5828A22E-FB60-4070-AD1B-5C580472761B}.Ad-Hoc|iPhone.ActiveCfg = Debug|Any CPU
		{5828A22E-FB60-4070-AD1B-5C580472761B}.Ad-Hoc|iPhone.Build.0 = Debug|Any CPU
		{5828A22E-FB60-4070-AD1B-5C580472761B}.Ad-Hoc|iPhoneSimulator.ActiveCfg = Debug|Any CPU
		{5828A22E-FB60-4070-AD1B-5C580472761B}.Ad-Hoc|iPhoneSimulator.Build.0 = Debug|Any CPU
		{5828A22E-FB60-4070-AD1B-5C580472761B}.Ad-Hoc|x64.ActiveCfg = Debug|Any CPU
		{5828A22E-FB60-4070-AD1B-5C580472761B}.Ad-Hoc|x64.Build.0 = Debug|Any CPU
		{5828A22E-FB60-4070-AD1B-5C580472761B}.Ad-Hoc|x86.ActiveCfg = Debug|Any CPU
		{5828A22E-FB60-4070-AD1B-5C580472761B}.Ad-Hoc|x86.Build.0 = Debug|Any CPU
		{5828A22E-FB60-4070-AD1B-5C580472761B}.AppStore|Any CPU.ActiveCfg = Debug|Any CPU
		{5828A22E-FB60-4070-AD1B-5C580472761B}.AppStore|Any CPU.Build.0 = Debug|Any CPU
		{5828A22E-FB60-4070-AD1B-5C580472761B}.AppStore|ARM.ActiveCfg = Debug|Any CPU
		{5828A22E-FB60-4070-AD1B-5C580472761B}.AppStore|ARM.Build.0 = Debug|Any CPU
		{5828A22E-FB60-4070-AD1B-5C580472761B}.AppStore|iPhone.ActiveCfg = Debug|Any CPU
		{5828A22E-FB60-4070-AD1B-5C580472761B}.AppStore|iPhone.Build.0 = Debug|Any CPU
		{5828A22E-FB60-4070-AD1B-5C580472761B}.AppStore|iPhoneSimulator.ActiveCfg = Debug|Any CPU
		{5828A22E-FB60-4070-AD1B-5C580472761B}.AppStore|iPhoneSimulator.Build.0 = Debug|Any CPU
		{5828A22E-FB60-4070-AD1B-5C580472761B}.AppStore|x64.ActiveCfg = Debug|Any CPU
		{5828A22E-FB60-4070-AD1B-5C580472761B}.AppStore|x64.Build.0 = Debug|Any CPU
		{5828A22E-FB60-4070-AD1B-5C580472761B}.AppStore|x86.ActiveCfg = Debug|Any CPU
		{5828A22E-FB60-4070-AD1B-5C580472761B}.AppStore|x86.Build.0 = Debug|Any CPU
		{5828A22E-FB60-4070-AD1B-5C580472761B}.Debug|Any CPU.ActiveCfg = Debug|Any CPU
		{5828A22E-FB60-4070-AD1B-5C580472761B}.Debug|Any CPU.Build.0 = Debug|Any CPU
		{5828A22E-FB60-4070-AD1B-5C580472761B}.Debug|ARM.ActiveCfg = Debug|Any CPU
		{5828A22E-FB60-4070-AD1B-5C580472761B}.Debug|ARM.Build.0 = Debug|Any CPU
		{5828A22E-FB60-4070-AD1B-5C580472761B}.Debug|iPhone.ActiveCfg = Debug|Any CPU
		{5828A22E-FB60-4070-AD1B-5C580472761B}.Debug|iPhone.Build.0 = Debug|Any CPU
		{5828A22E-FB60-4070-AD1B-5C580472761B}.Debug|iPhoneSimulator.ActiveCfg = Debug|Any CPU
		{5828A22E-FB60-4070-AD1B-5C580472761B}.Debug|iPhoneSimulator.Build.0 = Debug|Any CPU
		{5828A22E-FB60-4070-AD1B-5C580472761B}.Debug|x64.ActiveCfg = Debug|Any CPU
		{5828A22E-FB60-4070-AD1B-5C580472761B}.Debug|x64.Build.0 = Debug|Any CPU
		{5828A22E-FB60-4070-AD1B-5C580472761B}.Debug|x86.ActiveCfg = Debug|Any CPU
		{5828A22E-FB60-4070-AD1B-5C580472761B}.Debug|x86.Build.0 = Debug|Any CPU
		{5828A22E-FB60-4070-AD1B-5C580472761B}.Release|Any CPU.ActiveCfg = Release|Any CPU
		{5828A22E-FB60-4070-AD1B-5C580472761B}.Release|Any CPU.Build.0 = Release|Any CPU
		{5828A22E-FB60-4070-AD1B-5C580472761B}.Release|ARM.ActiveCfg = Release|Any CPU
		{5828A22E-FB60-4070-AD1B-5C580472761B}.Release|ARM.Build.0 = Release|Any CPU
		{5828A22E-FB60-4070-AD1B-5C580472761B}.Release|iPhone.ActiveCfg = Release|Any CPU
		{5828A22E-FB60-4070-AD1B-5C580472761B}.Release|iPhone.Build.0 = Release|Any CPU
		{5828A22E-FB60-4070-AD1B-5C580472761B}.Release|iPhoneSimulator.ActiveCfg = Release|Any CPU
		{5828A22E-FB60-4070-AD1B-5C580472761B}.Release|iPhoneSimulator.Build.0 = Release|Any CPU
		{5828A22E-FB60-4070-AD1B-5C580472761B}.Release|x64.ActiveCfg = Release|Any CPU
		{5828A22E-FB60-4070-AD1B-5C580472761B}.Release|x64.Build.0 = Release|Any CPU
		{5828A22E-FB60-4070-AD1B-5C580472761B}.Release|x86.ActiveCfg = Release|Any CPU
		{5828A22E-FB60-4070-AD1B-5C580472761B}.Release|x86.Build.0 = Release|Any CPU
		{B9EB4A58-68C6-49EE-B47A-B14C269BAF42}.Ad-Hoc|Any CPU.ActiveCfg = Debug|Any CPU
		{B9EB4A58-68C6-49EE-B47A-B14C269BAF42}.Ad-Hoc|Any CPU.Build.0 = Debug|Any CPU
		{B9EB4A58-68C6-49EE-B47A-B14C269BAF42}.Ad-Hoc|ARM.ActiveCfg = Debug|Any CPU
		{B9EB4A58-68C6-49EE-B47A-B14C269BAF42}.Ad-Hoc|ARM.Build.0 = Debug|Any CPU
		{B9EB4A58-68C6-49EE-B47A-B14C269BAF42}.Ad-Hoc|iPhone.ActiveCfg = Debug|Any CPU
		{B9EB4A58-68C6-49EE-B47A-B14C269BAF42}.Ad-Hoc|iPhone.Build.0 = Debug|Any CPU
		{B9EB4A58-68C6-49EE-B47A-B14C269BAF42}.Ad-Hoc|iPhoneSimulator.ActiveCfg = Debug|Any CPU
		{B9EB4A58-68C6-49EE-B47A-B14C269BAF42}.Ad-Hoc|iPhoneSimulator.Build.0 = Debug|Any CPU
		{B9EB4A58-68C6-49EE-B47A-B14C269BAF42}.Ad-Hoc|x64.ActiveCfg = Debug|Any CPU
		{B9EB4A58-68C6-49EE-B47A-B14C269BAF42}.Ad-Hoc|x64.Build.0 = Debug|Any CPU
		{B9EB4A58-68C6-49EE-B47A-B14C269BAF42}.Ad-Hoc|x86.ActiveCfg = Debug|Any CPU
		{B9EB4A58-68C6-49EE-B47A-B14C269BAF42}.Ad-Hoc|x86.Build.0 = Debug|Any CPU
		{B9EB4A58-68C6-49EE-B47A-B14C269BAF42}.AppStore|Any CPU.ActiveCfg = Debug|Any CPU
		{B9EB4A58-68C6-49EE-B47A-B14C269BAF42}.AppStore|Any CPU.Build.0 = Debug|Any CPU
		{B9EB4A58-68C6-49EE-B47A-B14C269BAF42}.AppStore|ARM.ActiveCfg = Debug|Any CPU
		{B9EB4A58-68C6-49EE-B47A-B14C269BAF42}.AppStore|ARM.Build.0 = Debug|Any CPU
		{B9EB4A58-68C6-49EE-B47A-B14C269BAF42}.AppStore|iPhone.ActiveCfg = Debug|Any CPU
		{B9EB4A58-68C6-49EE-B47A-B14C269BAF42}.AppStore|iPhone.Build.0 = Debug|Any CPU
		{B9EB4A58-68C6-49EE-B47A-B14C269BAF42}.AppStore|iPhoneSimulator.ActiveCfg = Debug|Any CPU
		{B9EB4A58-68C6-49EE-B47A-B14C269BAF42}.AppStore|iPhoneSimulator.Build.0 = Debug|Any CPU
		{B9EB4A58-68C6-49EE-B47A-B14C269BAF42}.AppStore|x64.ActiveCfg = Debug|Any CPU
		{B9EB4A58-68C6-49EE-B47A-B14C269BAF42}.AppStore|x64.Build.0 = Debug|Any CPU
		{B9EB4A58-68C6-49EE-B47A-B14C269BAF42}.AppStore|x86.ActiveCfg = Debug|Any CPU
		{B9EB4A58-68C6-49EE-B47A-B14C269BAF42}.AppStore|x86.Build.0 = Debug|Any CPU
		{B9EB4A58-68C6-49EE-B47A-B14C269BAF42}.Debug|Any CPU.ActiveCfg = Debug|Any CPU
		{B9EB4A58-68C6-49EE-B47A-B14C269BAF42}.Debug|Any CPU.Build.0 = Debug|Any CPU
		{B9EB4A58-68C6-49EE-B47A-B14C269BAF42}.Debug|ARM.ActiveCfg = Debug|Any CPU
		{B9EB4A58-68C6-49EE-B47A-B14C269BAF42}.Debug|ARM.Build.0 = Debug|Any CPU
		{B9EB4A58-68C6-49EE-B47A-B14C269BAF42}.Debug|iPhone.ActiveCfg = Debug|Any CPU
		{B9EB4A58-68C6-49EE-B47A-B14C269BAF42}.Debug|iPhone.Build.0 = Debug|Any CPU
		{B9EB4A58-68C6-49EE-B47A-B14C269BAF42}.Debug|iPhoneSimulator.ActiveCfg = Debug|Any CPU
		{B9EB4A58-68C6-49EE-B47A-B14C269BAF42}.Debug|iPhoneSimulator.Build.0 = Debug|Any CPU
		{B9EB4A58-68C6-49EE-B47A-B14C269BAF42}.Debug|x64.ActiveCfg = Debug|Any CPU
		{B9EB4A58-68C6-49EE-B47A-B14C269BAF42}.Debug|x64.Build.0 = Debug|Any CPU
		{B9EB4A58-68C6-49EE-B47A-B14C269BAF42}.Debug|x86.ActiveCfg = Debug|Any CPU
		{B9EB4A58-68C6-49EE-B47A-B14C269BAF42}.Debug|x86.Build.0 = Debug|Any CPU
		{B9EB4A58-68C6-49EE-B47A-B14C269BAF42}.Release|Any CPU.ActiveCfg = Release|Any CPU
		{B9EB4A58-68C6-49EE-B47A-B14C269BAF42}.Release|Any CPU.Build.0 = Release|Any CPU
		{B9EB4A58-68C6-49EE-B47A-B14C269BAF42}.Release|ARM.ActiveCfg = Release|Any CPU
		{B9EB4A58-68C6-49EE-B47A-B14C269BAF42}.Release|ARM.Build.0 = Release|Any CPU
		{B9EB4A58-68C6-49EE-B47A-B14C269BAF42}.Release|iPhone.ActiveCfg = Release|Any CPU
		{B9EB4A58-68C6-49EE-B47A-B14C269BAF42}.Release|iPhone.Build.0 = Release|Any CPU
		{B9EB4A58-68C6-49EE-B47A-B14C269BAF42}.Release|iPhoneSimulator.ActiveCfg = Release|Any CPU
		{B9EB4A58-68C6-49EE-B47A-B14C269BAF42}.Release|iPhoneSimulator.Build.0 = Release|Any CPU
		{B9EB4A58-68C6-49EE-B47A-B14C269BAF42}.Release|x64.ActiveCfg = Release|Any CPU
		{B9EB4A58-68C6-49EE-B47A-B14C269BAF42}.Release|x64.Build.0 = Release|Any CPU
		{B9EB4A58-68C6-49EE-B47A-B14C269BAF42}.Release|x86.ActiveCfg = Release|Any CPU
		{B9EB4A58-68C6-49EE-B47A-B14C269BAF42}.Release|x86.Build.0 = Release|Any CPU
	EndGlobalSection
	GlobalSection(SolutionProperties) = preSolution
		HideSolutionNode = FALSE
	EndGlobalSection
	GlobalSection(NestedProjects) = preSolution
		{B9EB4A58-68C6-49EE-B47A-B14C269BAF42} = {FBFE04E9-A4C4-40AD-B124-BBFD66351C9E}
	EndGlobalSection
	GlobalSection(ExtensibilityGlobals) = postSolution
		SolutionGuid = {92DE204A-B2A3-4BAC-9225-7BC245AFD9F7}
	EndGlobalSection
EndGlobal
